
Microsoft Visual Studio Solution File, Format Version 12.00
# Visual Studio Version 17
VisualStudioVersion = 17.1.32228.430
MinimumVisualStudioVersion = 10.0.40219.1
Project("{FAE04EC0-301F-11D3-BF4B-00C04F79EFBC}") = "Archipelago.HollowKnight", "Archipelago.HollowKnight\Archipelago.HollowKnight.csproj", "{7B597421-1AA1-4880-B095-7A293B7FF39E}"
EndProject
Global
	GlobalSection(SolutionConfigurationPlatforms) = preSolution
		Debug|Any CPU = Debug|Any CPU
		Release|Any CPU = Release|Any CPU
	EndGlobalSection
	GlobalSection(ProjectConfigurationPlatforms) = postSolution
		{7B597421-1AA1-4880-B095-7A293B7FF39E}.Debug|Any CPU.ActiveCfg = Debug|Any CPU
		{7B597421-1AA1-4880-B095-7A293B7FF39E}.Debug|Any CPU.Build.0 = Debug|Any CPU
		{7B597421-1AA1-4880-B095-7A293B7FF39E}.Release|Any CPU.ActiveCfg = Release|Any CPU
		{7B597421-1AA1-4880-B095-7A293B7FF39E}.Release|Any CPU.Build.0 = Release|Any CPU
	EndGlobalSection
	GlobalSection(SolutionProperties) = preSolution
		HideSolutionNode = FALSE
	EndGlobalSection
	GlobalSection(ExtensibilityGlobals) = postSolution
		SolutionGuid = {3054058D-AA08-4F84-AFE6-6665F9B3BBA2}
	EndGlobalSection
EndGlobal
